
Microsoft Visual Studio Solution File, Format Version 12.00
# Visual Studio 15
VisualStudioVersion = 15.0.28307.136
MinimumVisualStudioVersion = 10.0.40219.1
Project("{FAE04EC0-301F-11D3-BF4B-00C04F79EFBC}") = "Veritabani_Homework", "Veritabani_Homework\Veritabani_Homework.csproj", "{079B5502-9458-4C99-954E-007F939D7B25}"
EndProject
Global
	GlobalSection(SolutionConfigurationPlatforms) = preSolution
		Debug|Any CPU = Debug|Any CPU
		Release|Any CPU = Release|Any CPU
	EndGlobalSection
	GlobalSection(ProjectConfigurationPlatforms) = postSolution
		{079B5502-9458-4C99-954E-007F939D7B25}.Debug|Any CPU.ActiveCfg = Debug|Any CPU
		{079B5502-9458-4C99-954E-007F939D7B25}.Debug|Any CPU.Build.0 = Debug|Any CPU
		{079B5502-9458-4C99-954E-007F939D7B25}.Release|Any CPU.ActiveCfg = Release|Any CPU
		{079B5502-9458-4C99-954E-007F939D7B25}.Release|Any CPU.Build.0 = Release|Any CPU
	EndGlobalSection
	GlobalSection(SolutionProperties) = preSolution
		HideSolutionNode = FALSE
	EndGlobalSection
	GlobalSection(ExtensibilityGlobals) = postSolution
		SolutionGuid = {DB9DBFF2-C3A0-4A45-B6E7-A11EFE96A583}
	EndGlobalSection
EndGlobal
